
Microsoft Visual Studio Solution File, Format Version 12.00
# Visual Studio Version 16
VisualStudioVersion = 16.0.29306.81
MinimumVisualStudioVersion = 10.0.40219.1
Project("{8BC9CEB8-8B4A-11D0-8D11-00A0C91BC942}") = "HelloWorld", "HelloWorld\HelloWorld.vcxproj", "{6D9EB141-7F8B-4AC8-958B-65547D2C07C1}"
EndProject
Project("{8BC9CEB8-8B4A-11D0-8D11-00A0C91BC942}") = "FirstGameClass", "FirstGameClass\FirstGameClass.vcxproj", "{17814DE4-72C1-4235-86E6-87EC017FD224}"
EndProject
Project("{8BC9CEB8-8B4A-11D0-8D11-00A0C91BC942}") = "SpriteExample", "SpriteExample\SpriteExample.vcxproj", "{180F79DF-8791-44A4-9431-18E55BB21A51}"
EndProject
Project("{8BC9CEB8-8B4A-11D0-8D11-00A0C91BC942}") = "Exercise2", "Exercise2\Exercise2.vcxproj", "{05B626E2-481D-499F-8D29-317D4254CF1B}"
EndProject
Project("{8BC9CEB8-8B4A-11D0-8D11-00A0C91BC942}") = "RenderWorld", "RenderWorld\RenderWorld.vcxproj", "{C509FF94-75BD-4059-A201-DF3014BBF98D}"
EndProject
Project("{8BC9CEB8-8B4A-11D0-8D11-00A0C91BC942}") = "InputHandeling", "InputHandeling\InputHandeling.vcxproj", "{C5F71269-B747-45D0-A3FC-F8C60A38AE04}"
EndProject
Project("{8BC9CEB8-8B4A-11D0-8D11-00A0C91BC942}") = "SFML-State-Complete", "SFML-State-Complete\SFML-State-Complete.vcxproj", "{0882A794-697F-425D-BBB5-992E55FE2E6E}"
EndProject
Project("{8BC9CEB8-8B4A-11D0-8D11-00A0C91BC942}") = "CollisionProjectile", "CollisionProjectile\CollisionProjectile.vcxproj", "{64C6C86A-8A49-45AB-9EBD-84A7DCD80F32}"
EndProject
Project("{8BC9CEB8-8B4A-11D0-8D11-00A0C91BC942}") = "GUI", "GUI\GUI.vcxproj", "{08CFC434-EBFD-4564-8724-362B2BBE4DD3}"
EndProject
Project("{8BC9CEB8-8B4A-11D0-8D11-00A0C91BC942}") = "Assignment1", "Assignment1\Assignment1.vcxproj", "{21DD77C5-3B49-4E2A-8BA9-125562238C32}"
EndProject
Project("{8BC9CEB8-8B4A-11D0-8D11-00A0C91BC942}") = "Exercise3", "Exercise3\Exercise3.vcxproj", "{090469AA-817E-44DB-980D-6D30ECDF1452}"
EndProject
Project("{8BC9CEB8-8B4A-11D0-8D11-00A0C91BC942}") = "AStar", "AStar\AStar.vcxproj", "{DA78AE56-988E-4C26-AE65-1BA5DD8EAB76}"
EndProject
Global
	GlobalSection(SolutionConfigurationPlatforms) = preSolution
		Debug|Win32 = Debug|Win32
		Debug|x64 = Debug|x64
		Debug|x86 = Debug|x86
		Release|Win32 = Release|Win32
		Release|x64 = Release|x64
		Release|x86 = Release|x86
	EndGlobalSection
	GlobalSection(ProjectConfigurationPlatforms) = postSolution
		{6D9EB141-7F8B-4AC8-958B-65547D2C07C1}.Debug|Win32.ActiveCfg = Debug|Win32
		{6D9EB141-7F8B-4AC8-958B-65547D2C07C1}.Debug|Win32.Build.0 = Debug|Win32
		{6D9EB141-7F8B-4AC8-958B-65547D2C07C1}.Debug|x64.ActiveCfg = Debug|x64
		{6D9EB141-7F8B-4AC8-958B-65547D2C07C1}.Debug|x64.Build.0 = Debug|x64
		{6D9EB141-7F8B-4AC8-958B-65547D2C07C1}.Debug|x86.ActiveCfg = Debug|Win32
		{6D9EB141-7F8B-4AC8-958B-65547D2C07C1}.Debug|x86.Build.0 = Debug|Win32
		{6D9EB141-7F8B-4AC8-958B-65547D2C07C1}.Release|Win32.ActiveCfg = Release|Win32
		{6D9EB141-7F8B-4AC8-958B-65547D2C07C1}.Release|Win32.Build.0 = Release|Win32
		{6D9EB141-7F8B-4AC8-958B-65547D2C07C1}.Release|x64.ActiveCfg = Release|x64
		{6D9EB141-7F8B-4AC8-958B-65547D2C07C1}.Release|x64.Build.0 = Release|x64
		{6D9EB141-7F8B-4AC8-958B-65547D2C07C1}.Release|x86.ActiveCfg = Release|Win32
		{6D9EB141-7F8B-4AC8-958B-65547D2C07C1}.Release|x86.Build.0 = Release|Win32
		{17814DE4-72C1-4235-86E6-87EC017FD224}.Debug|Win32.ActiveCfg = Debug|Win32
		{17814DE4-72C1-4235-86E6-87EC017FD224}.Debug|Win32.Build.0 = Debug|Win32
		{17814DE4-72C1-4235-86E6-87EC017FD224}.Debug|x64.ActiveCfg = Debug|x64
		{17814DE4-72C1-4235-86E6-87EC017FD224}.Debug|x64.Build.0 = Debug|x64
		{17814DE4-72C1-4235-86E6-87EC017FD224}.Debug|x86.ActiveCfg = Debug|Win32
		{17814DE4-72C1-4235-86E6-87EC017FD224}.Debug|x86.Build.0 = Debug|Win32
		{17814DE4-72C1-4235-86E6-87EC017FD224}.Release|Win32.ActiveCfg = Release|Win32
		{17814DE4-72C1-4235-86E6-87EC017FD224}.Release|Win32.Build.0 = Release|Win32
		{17814DE4-72C1-4235-86E6-87EC017FD224}.Release|x64.ActiveCfg = Release|x64
		{17814DE4-72C1-4235-86E6-87EC017FD224}.Release|x64.Build.0 = Release|x64
		{17814DE4-72C1-4235-86E6-87EC017FD224}.Release|x86.ActiveCfg = Release|Win32
		{17814DE4-72C1-4235-86E6-87EC017FD224}.Release|x86.Build.0 = Release|Win32
		{180F79DF-8791-44A4-9431-18E55BB21A51}.Debug|Win32.ActiveCfg = Debug|Win32
		{180F79DF-8791-44A4-9431-18E55BB21A51}.Debug|Win32.Build.0 = Debug|Win32
		{180F79DF-8791-44A4-9431-18E55BB21A51}.Debug|x64.ActiveCfg = Debug|x64
		{180F79DF-8791-44A4-9431-18E55BB21A51}.Debug|x64.Build.0 = Debug|x64
		{180F79DF-8791-44A4-9431-18E55BB21A51}.Debug|x86.ActiveCfg = Debug|Win32
		{180F79DF-8791-44A4-9431-18E55BB21A51}.Debug|x86.Build.0 = Debug|Win32
		{180F79DF-8791-44A4-9431-18E55BB21A51}.Release|Win32.ActiveCfg = Release|Win32
		{180F79DF-8791-44A4-9431-18E55BB21A51}.Release|Win32.Build.0 = Release|Win32
		{180F79DF-8791-44A4-9431-18E55BB21A51}.Release|x64.ActiveCfg = Release|x64
		{180F79DF-8791-44A4-9431-18E55BB21A51}.Release|x64.Build.0 = Release|x64
		{180F79DF-8791-44A4-9431-18E55BB21A51}.Release|x86.ActiveCfg = Release|Win32
		{180F79DF-8791-44A4-9431-18E55BB21A51}.Release|x86.Build.0 = Release|Win32
		{05B626E2-481D-499F-8D29-317D4254CF1B}.Debug|Win32.ActiveCfg = Debug|Win32
		{05B626E2-481D-499F-8D29-317D4254CF1B}.Debug|Win32.Build.0 = Debug|Win32
		{05B626E2-481D-499F-8D29-317D4254CF1B}.Debug|x64.ActiveCfg = Debug|x64
		{05B626E2-481D-499F-8D29-317D4254CF1B}.Debug|x64.Build.0 = Debug|x64
		{05B626E2-481D-499F-8D29-317D4254CF1B}.Debug|x86.ActiveCfg = Debug|Win32
		{05B626E2-481D-499F-8D29-317D4254CF1B}.Debug|x86.Build.0 = Debug|Win32
		{05B626E2-481D-499F-8D29-317D4254CF1B}.Release|Win32.ActiveCfg = Release|Win32
		{05B626E2-481D-499F-8D29-317D4254CF1B}.Release|Win32.Build.0 = Release|Win32
		{05B626E2-481D-499F-8D29-317D4254CF1B}.Release|x64.ActiveCfg = Release|x64
		{05B626E2-481D-499F-8D29-317D4254CF1B}.Release|x64.Build.0 = Release|x64
		{05B626E2-481D-499F-8D29-317D4254CF1B}.Release|x86.ActiveCfg = Release|Win32
		{05B626E2-481D-499F-8D29-317D4254CF1B}.Release|x86.Build.0 = Release|Win32
		{C509FF94-75BD-4059-A201-DF3014BBF98D}.Debug|Win32.ActiveCfg = Debug|Win32
		{C509FF94-75BD-4059-A201-DF3014BBF98D}.Debug|Win32.Build.0 = Debug|Win32
		{C509FF94-75BD-4059-A201-DF3014BBF98D}.Debug|x64.ActiveCfg = Debug|x64
		{C509FF94-75BD-4059-A201-DF3014BBF98D}.Debug|x64.Build.0 = Debug|x64
		{C509FF94-75BD-4059-A201-DF3014BBF98D}.Debug|x86.ActiveCfg = Debug|Win32
		{C509FF94-75BD-4059-A201-DF3014BBF98D}.Debug|x86.Build.0 = Debug|Win32
		{C509FF94-75BD-4059-A201-DF3014BBF98D}.Release|Win32.ActiveCfg = Release|Win32
		{C509FF94-75BD-4059-A201-DF3014BBF98D}.Release|Win32.Build.0 = Release|Win32
		{C509FF94-75BD-4059-A201-DF3014BBF98D}.Release|x64.ActiveCfg = Release|x64
		{C509FF94-75BD-4059-A201-DF3014BBF98D}.Release|x64.Build.0 = Release|x64
		{C509FF94-75BD-4059-A201-DF3014BBF98D}.Release|x86.ActiveCfg = Release|Win32
		{C509FF94-75BD-4059-A201-DF3014BBF98D}.Release|x86.Build.0 = Release|Win32
		{C5F71269-B747-45D0-A3FC-F8C60A38AE04}.Debug|Win32.ActiveCfg = Debug|Win32
		{C5F71269-B747-45D0-A3FC-F8C60A38AE04}.Debug|Win32.Build.0 = Debug|Win32
		{C5F71269-B747-45D0-A3FC-F8C60A38AE04}.Debug|x64.ActiveCfg = Debug|x64
		{C5F71269-B747-45D0-A3FC-F8C60A38AE04}.Debug|x64.Build.0 = Debug|x64
		{C5F71269-B747-45D0-A3FC-F8C60A38AE04}.Debug|x86.ActiveCfg = Debug|Win32
		{C5F71269-B747-45D0-A3FC-F8C60A38AE04}.Debug|x86.Build.0 = Debug|Win32
		{C5F71269-B747-45D0-A3FC-F8C60A38AE04}.Release|Win32.ActiveCfg = Release|Win32
		{C5F71269-B747-45D0-A3FC-F8C60A38AE04}.Release|Win32.Build.0 = Release|Win32
		{C5F71269-B747-45D0-A3FC-F8C60A38AE04}.Release|x64.ActiveCfg = Release|x64
		{C5F71269-B747-45D0-A3FC-F8C60A38AE04}.Release|x64.Build.0 = Release|x64
		{C5F71269-B747-45D0-A3FC-F8C60A38AE04}.Release|x86.ActiveCfg = Release|Win32
		{C5F71269-B747-45D0-A3FC-F8C60A38AE04}.Release|x86.Build.0 = Release|Win32
		{0882A794-697F-425D-BBB5-992E55FE2E6E}.Debug|Win32.ActiveCfg = Debug|Win32
		{0882A794-697F-425D-BBB5-992E55FE2E6E}.Debug|Win32.Build.0 = Debug|Win32
		{0882A794-697F-425D-BBB5-992E55FE2E6E}.Debug|x64.ActiveCfg = Debug|x64
		{0882A794-697F-425D-BBB5-992E55FE2E6E}.Debug|x64.Build.0 = Debug|x64
		{0882A794-697F-425D-BBB5-992E55FE2E6E}.Debug|x86.ActiveCfg = Debug|Win32
		{0882A794-697F-425D-BBB5-992E55FE2E6E}.Debug|x86.Build.0 = Debug|Win32
		{0882A794-697F-425D-BBB5-992E55FE2E6E}.Release|Win32.ActiveCfg = Release|Win32
		{0882A794-697F-425D-BBB5-992E55FE2E6E}.Release|Win32.Build.0 = Release|Win32
		{0882A794-697F-425D-BBB5-992E55FE2E6E}.Release|x64.ActiveCfg = Release|x64
		{0882A794-697F-425D-BBB5-992E55FE2E6E}.Release|x64.Build.0 = Release|x64
		{0882A794-697F-425D-BBB5-992E55FE2E6E}.Release|x86.ActiveCfg = Release|Win32
		{0882A794-697F-425D-BBB5-992E55FE2E6E}.Release|x86.Build.0 = Release|Win32
		{64C6C86A-8A49-45AB-9EBD-84A7DCD80F32}.Debug|Win32.ActiveCfg = Debug|Win32
		{64C6C86A-8A49-45AB-9EBD-84A7DCD80F32}.Debug|Win32.Build.0 = Debug|Win32
		{64C6C86A-8A49-45AB-9EBD-84A7DCD80F32}.Debug|x64.ActiveCfg = Debug|x64
		{64C6C86A-8A49-45AB-9EBD-84A7DCD80F32}.Debug|x64.Build.0 = Debug|x64
		{64C6C86A-8A49-45AB-9EBD-84A7DCD80F32}.Debug|x86.ActiveCfg = Debug|Win32
		{64C6C86A-8A49-45AB-9EBD-84A7DCD80F32}.Debug|x86.Build.0 = Debug|Win32
		{64C6C86A-8A49-45AB-9EBD-84A7DCD80F32}.Release|Win32.ActiveCfg = Release|Win32
		{64C6C86A-8A49-45AB-9EBD-84A7DCD80F32}.Release|Win32.Build.0 = Release|Win32
		{64C6C86A-8A49-45AB-9EBD-84A7DCD80F32}.Release|x64.ActiveCfg = Release|x64
		{64C6C86A-8A49-45AB-9EBD-84A7DCD80F32}.Release|x64.Build.0 = Release|x64
		{64C6C86A-8A49-45AB-9EBD-84A7DCD80F32}.Release|x86.ActiveCfg = Release|Win32
		{64C6C86A-8A49-45AB-9EBD-84A7DCD80F32}.Release|x86.Build.0 = Release|Win32
		{08CFC434-EBFD-4564-8724-362B2BBE4DD3}.Debug|Win32.ActiveCfg = Debug|Win32
		{08CFC434-EBFD-4564-8724-362B2BBE4DD3}.Debug|Win32.Build.0 = Debug|Win32
		{08CFC434-EBFD-4564-8724-362B2BBE4DD3}.Debug|x64.ActiveCfg = Debug|x64
		{08CFC434-EBFD-4564-8724-362B2BBE4DD3}.Debug|x64.Build.0 = Debug|x64
		{08CFC434-EBFD-4564-8724-362B2BBE4DD3}.Debug|x86.ActiveCfg = Debug|Win32
		{08CFC434-EBFD-4564-8724-362B2BBE4DD3}.Debug|x86.Build.0 = Debug|Win32
		{08CFC434-EBFD-4564-8724-362B2BBE4DD3}.Release|Win32.ActiveCfg = Release|Win32
		{08CFC434-EBFD-4564-8724-362B2BBE4DD3}.Release|Win32.Build.0 = Release|Win32
		{08CFC434-EBFD-4564-8724-362B2BBE4DD3}.Release|x64.ActiveCfg = Release|x64
		{08CFC434-EBFD-4564-8724-362B2BBE4DD3}.Release|x64.Build.0 = Release|x64
		{08CFC434-EBFD-4564-8724-362B2BBE4DD3}.Release|x86.ActiveCfg = Release|Win32
		{08CFC434-EBFD-4564-8724-362B2BBE4DD3}.Release|x86.Build.0 = Release|Win32
		{21DD77C5-3B49-4E2A-8BA9-125562238C32}.Debug|Win32.ActiveCfg = Debug|Win32
		{21DD77C5-3B49-4E2A-8BA9-125562238C32}.Debug|Win32.Build.0 = Debug|Win32
		{21DD77C5-3B49-4E2A-8BA9-125562238C32}.Debug|x64.ActiveCfg = Debug|x64
		{21DD77C5-3B49-4E2A-8BA9-125562238C32}.Debug|x64.Build.0 = Debug|x64
		{21DD77C5-3B49-4E2A-8BA9-125562238C32}.Debug|x86.ActiveCfg = Debug|Win32
		{21DD77C5-3B49-4E2A-8BA9-125562238C32}.Debug|x86.Build.0 = Debug|Win32
		{21DD77C5-3B49-4E2A-8BA9-125562238C32}.Release|Win32.ActiveCfg = Release|Win32
		{21DD77C5-3B49-4E2A-8BA9-125562238C32}.Release|Win32.Build.0 = Release|Win32
		{21DD77C5-3B49-4E2A-8BA9-125562238C32}.Release|x64.ActiveCfg = Release|x64
		{21DD77C5-3B49-4E2A-8BA9-125562238C32}.Release|x64.Build.0 = Release|x64
		{21DD77C5-3B49-4E2A-8BA9-125562238C32}.Release|x86.ActiveCfg = Release|Win32
		{21DD77C5-3B49-4E2A-8BA9-125562238C32}.Release|x86.Build.0 = Release|Win32
		{090469AA-817E-44DB-980D-6D30ECDF1452}.Debug|Win32.ActiveCfg = Debug|Win32
		{090469AA-817E-44DB-980D-6D30ECDF1452}.Debug|Win32.Build.0 = Debug|Win32
		{090469AA-817E-44DB-980D-6D30ECDF1452}.Debug|x64.ActiveCfg = Debug|x64
		{090469AA-817E-44DB-980D-6D30ECDF1452}.Debug|x64.Build.0 = Debug|x64
		{090469AA-817E-44DB-980D-6D30ECDF1452}.Debug|x86.ActiveCfg = Debug|Win32
		{090469AA-817E-44DB-980D-6D30ECDF1452}.Debug|x86.Build.0 = Debug|Win32
		{090469AA-817E-44DB-980D-6D30ECDF1452}.Release|Win32.ActiveCfg = Release|Win32
		{090469AA-817E-44DB-980D-6D30ECDF1452}.Release|Win32.Build.0 = Release|Win32
		{090469AA-817E-44DB-980D-6D30ECDF1452}.Release|x64.ActiveCfg = Release|x64
		{090469AA-817E-44DB-980D-6D30ECDF1452}.Release|x64.Build.0 = Release|x64
		{090469AA-817E-44DB-980D-6D30ECDF1452}.Release|x86.ActiveCfg = Release|Win32
		{090469AA-817E-44DB-980D-6D30ECDF1452}.Release|x86.Build.0 = Release|Win32
		{DA78AE56-988E-4C26-AE65-1BA5DD8EAB76}.Debug|Win32.ActiveCfg = Debug|Win32
		{DA78AE56-988E-4C26-AE65-1BA5DD8EAB76}.Debug|Win32.Build.0 = Debug|Win32
		{DA78AE56-988E-4C26-AE65-1BA5DD8EAB76}.Debug|x64.ActiveCfg = Debug|x64
		{DA78AE56-988E-4C26-AE65-1BA5DD8EAB76}.Debug|x64.Build.0 = Debug|x64
		{DA78AE56-988E-4C26-AE65-1BA5DD8EAB76}.Debug|x86.ActiveCfg = Debug|Win32
		{DA78AE56-988E-4C26-AE65-1BA5DD8EAB76}.Debug|x86.Build.0 = Debug|Win32
		{DA78AE56-988E-4C26-AE65-1BA5DD8EAB76}.Release|Win32.ActiveCfg = Release|Win32
		{DA78AE56-988E-4C26-AE65-1BA5DD8EAB76}.Release|Win32.Build.0 = Release|Win32
		{DA78AE56-988E-4C26-AE65-1BA5DD8EAB76}.Release|x64.ActiveCfg = Release|x64
		{DA78AE56-988E-4C26-AE65-1BA5DD8EAB76}.Release|x64.Build.0 = Release|x64
		{DA78AE56-988E-4C26-AE65-1BA5DD8EAB76}.Release|x86.ActiveCfg = Release|Win32
		{DA78AE56-988E-4C26-AE65-1BA5DD8EAB76}.Release|x86.Build.0 = Release|Win32
	EndGlobalSection
	GlobalSection(SolutionProperties) = preSolution
		HideSolutionNode = FALSE
	EndGlobalSection
	GlobalSection(ExtensibilityGlobals) = postSolution
		SolutionGuid = {729EBAE6-67AA-4B02-8BF3-3E339FA870AB}
	EndGlobalSection
EndGlobal
